<?xml version="1.0" encoding="utf-8"?>
<Project ToolsVersion="4.0" xmlns="http://schemas.microsoft.com/developer/msbuild/2003">
  <ItemGroup>
    <Filter Include="Engine">
      <UniqueIdentifier>{9aadc9eb-57ac-4fc0-b258-6e086729c31a}</UniqueIdentifier>
    </Filter>
    <Filter Include="Default">
      <UniqueIdentifier>{5d293636-55a1-4a13-b1b4-4b73be7787d0}</UniqueIdentifier>
    </Filter>
    <Filter Include="Default\리소스 파일">
      <UniqueIdentifier>{67DA6AB6-F800-4c08-8B7A-83BB121AAD01}</UniqueIdentifier>
      <Extensions>rc;ico;cur;bmp;dlg;rc2;rct;bin;rgs;gif;jpg;jpeg;jpe;resx;tiff;tif;png;wav;mfcribbon-ms</Extensions>
    </Filter>
    <Filter Include="Engine\02. Core">
      <UniqueIdentifier>{81cb703f-f39b-4569-ae6a-7425b6d55226}</UniqueIdentifier>
    </Filter>
    <Filter Include="Engine\01.Header">
      <UniqueIdentifier>{f584e00c-c5f0-49c2-ab1d-c54fd0213cc2}</UniqueIdentifier>
    </Filter>
    <Filter Include="Engine\03.Manager">
      <UniqueIdentifier>{a4060929-3b0b-446e-9ceb-bdeebdef2bfe}</UniqueIdentifier>
    </Filter>
    <Filter Include="Engine\03.Manager\KeyMgr">
      <UniqueIdentifier>{5b7bfecc-317c-41cb-bd54-7aa635cb84c1}</UniqueIdentifier>
    </Filter>
    <Filter Include="Engine\04.Object">
      <UniqueIdentifier>{f3636d60-7608-481f-aba9-97520f98ab48}</UniqueIdentifier>
    </Filter>
  </ItemGroup>
  <ItemGroup>
    <ClInclude Include="CCore.h">
      <Filter>Engine\02. Core</Filter>
    </ClInclude>
    <ClInclude Include="framework.h">
      <Filter>Default</Filter>
    </ClInclude>
    <ClInclude Include="Resource.h">
      <Filter>Default</Filter>
    </ClInclude>
    <ClInclude Include="targetver.h">
      <Filter>Default</Filter>
    </ClInclude>
    <ClInclude Include="vs19_WinAPI.h">
      <Filter>Default</Filter>
    </ClInclude>
    <ClInclude Include="define.h">
      <Filter>Engine\01.Header</Filter>
    </ClInclude>
    <ClInclude Include="CKeyMgr.h">
      <Filter>Engine\03.Manager\KeyMgr</Filter>
    </ClInclude>
    <ClInclude Include="pch.h" />
    <ClInclude Include="CObject.h">
      <Filter>Engine\04.Object</Filter>
    </ClInclude>
  </ItemGroup>
  <ItemGroup>
    <ResourceCompile Include="vs19_WinAPI.rc">
      <Filter>Default\리소스 파일</Filter>
    </ResourceCompile>
  </ItemGroup>
  <ItemGroup>
    <Image Include="small.ico">
      <Filter>Default\리소스 파일</Filter>
    </Image>
    <Image Include="vs19_WinAPI.ico">
      <Filter>Default\리소스 파일</Filter>
    </Image>
  </ItemGroup>
  <ItemGroup>
    <ClCompile Include="CCore.cpp">
      <Filter>Engine\02. Core</Filter>
    </ClCompile>
    <ClCompile Include="CKeyMgr.cpp">
      <Filter>Engine\03.Manager\KeyMgr</Filter>
    </ClCompile>
    <ClCompile Include="vs19_WinAPI.cpp" />
    <ClCompile Include="CObject.cpp">
      <Filter>Engine\04.Object</Filter>
    </ClCompile>
  </ItemGroup>
</Project>